Microsoft Visual Studio Solution File, Format Version 12.00
# Visual Studio 2012
Project("{FAE04EC0-301F-11D3-BF4B-00C04F79EFBC}") = "YATSS Game", "YATSS Game.csproj", "{095EC4E7-F873-4FA1-88DA-C66D3A0D0B81}"
EndProject
Global
	GlobalSection(SolutionConfigurationPlatforms) = preSolution
	Debug|Any CPU = Debug|Any CPU
	ExportDebug|Any CPU = ExportDebug|Any CPU
	ExportRelease|Any CPU = ExportRelease|Any CPU
	EndGlobalSection
	GlobalSection(ProjectConfigurationPlatforms) = postSolution
		{095EC4E7-F873-4FA1-88DA-C66D3A0D0B81}.Debug|Any CPU.ActiveCfg = Debug|Any CPU
		{095EC4E7-F873-4FA1-88DA-C66D3A0D0B81}.Debug|Any CPU.Build.0 = Debug|Any CPU
		{095EC4E7-F873-4FA1-88DA-C66D3A0D0B81}.ExportDebug|Any CPU.ActiveCfg = ExportDebug|Any CPU
		{095EC4E7-F873-4FA1-88DA-C66D3A0D0B81}.ExportDebug|Any CPU.Build.0 = ExportDebug|Any CPU
		{095EC4E7-F873-4FA1-88DA-C66D3A0D0B81}.ExportRelease|Any CPU.ActiveCfg = ExportRelease|Any CPU
		{095EC4E7-F873-4FA1-88DA-C66D3A0D0B81}.ExportRelease|Any CPU.Build.0 = ExportRelease|Any CPU
	EndGlobalSection
EndGlobal
